
Microsoft Visual Studio Solution File, Format Version 12.00
# Visual Studio Version 17
VisualStudioVersion = 17.0.31903.59
MinimumVisualStudioVersion = 10.0.40219.1
Project("{2150E333-8FDC-42A3-9474-1A3956D46DE8}") = "src", "src", "{827E0CD3-B72D-47B6-A68D-7590B98EB39B}"
EndProject
Project("{FAE04EC0-301F-11D3-BF4B-00C04F79EFBC}") = "GamingCafe.API", "src\GamingCafe.API\GamingCafe.API.csproj", "{A5B791F8-F4EB-4937-87C2-BDB160213B13}"
EndProject
Project("{FAE04EC0-301F-11D3-BF4B-00C04F79EFBC}") = "GamingCafe.POS", "src\GamingCafe.POS\GamingCafe.POS.csproj", "{AC3BA443-5D8D-44C6-A3A6-3E41A0C3DCB9}"
EndProject
Project("{FAE04EC0-301F-11D3-BF4B-00C04F79EFBC}") = "GamingCafe.Application", "src\GamingCafe.Application\GamingCafe.Application.csproj", "{A3D3A5B1-6C2A-4F6B-9C2A-D3A5B16C2A4F}"
EndProject
Project("{FAE04EC0-301F-11D3-BF4B-00C04F79EFBC}") = "GamingCafe.Core", "src\GamingCafe.Core\GamingCafe.Core.csproj", "{7CE6D5AA-49ED-4E99-8C4B-1BDA6E5D3AF6}"
EndProject
Project("{FAE04EC0-301F-11D3-BF4B-00C04F79EFBC}") = "GamingCafe.Data", "src\GamingCafe.Data\GamingCafe.Data.csproj", "{786848AB-AFAF-40EB-8B9C-46C637E8D917}"
EndProject
Project("{2150E333-8FDC-42A3-9474-1A3956D46DE8}") = "tests", "tests", "{0AB3BF05-4346-4AA6-1389-037BE0695223}"
EndProject
Project("{FAE04EC0-301F-11D3-BF4B-00C04F79EFBC}") = "GamingCafe.UnitTests", "tests\GamingCafe.UnitTests\GamingCafe.UnitTests.csproj", "{66528A18-DB33-4F07-B0E8-7F3134948C79}"
EndProject
Project("{FAE04EC0-301F-11D3-BF4B-00C04F79EFBC}") = "GamingCafe.IntegrationTests", "tests\GamingCafe.IntegrationTests\GamingCafe.IntegrationTests.csproj", "{4D71A78B-3976-4FB8-B83F-CF6593599C67}"
EndProject
Project("{FAE04EC0-301F-11D3-BF4B-00C04F79EFBC}") = "GamingCafe.UI.Tests", "tests\GamingCafe.UI.Tests\GamingCafe.UI.Tests.csproj", "{47DF61D0-FA25-460E-A803-2683808E3833}"
EndProject
Global
	GlobalSection(SolutionConfigurationPlatforms) = preSolution
		Debug|Any CPU = Debug|Any CPU
		Debug|x64 = Debug|x64
		Debug|x86 = Debug|x86
		Release|Any CPU = Release|Any CPU
		Release|x64 = Release|x64
		Release|x86 = Release|x86
	EndGlobalSection
	GlobalSection(ProjectConfigurationPlatforms) = postSolution
		{A5B791F8-F4EB-4937-87C2-BDB160213B13}.Debug|Any CPU.ActiveCfg = Debug|Any CPU
		{A5B791F8-F4EB-4937-87C2-BDB160213B13}.Debug|Any CPU.Build.0 = Debug|Any CPU
		{A5B791F8-F4EB-4937-87C2-BDB160213B13}.Debug|x64.ActiveCfg = Debug|Any CPU
		{A5B791F8-F4EB-4937-87C2-BDB160213B13}.Debug|x64.Build.0 = Debug|Any CPU
		{A5B791F8-F4EB-4937-87C2-BDB160213B13}.Debug|x86.ActiveCfg = Debug|Any CPU
		{A5B791F8-F4EB-4937-87C2-BDB160213B13}.Debug|x86.Build.0 = Debug|Any CPU
		{A5B791F8-F4EB-4937-87C2-BDB160213B13}.Release|Any CPU.ActiveCfg = Release|Any CPU
		{A5B791F8-F4EB-4937-87C2-BDB160213B13}.Release|Any CPU.Build.0 = Release|Any CPU
		{A5B791F8-F4EB-4937-87C2-BDB160213B13}.Release|x64.ActiveCfg = Release|Any CPU
		{A5B791F8-F4EB-4937-87C2-BDB160213B13}.Release|x64.Build.0 = Release|Any CPU
		{A5B791F8-F4EB-4937-87C2-BDB160213B13}.Release|x86.ActiveCfg = Release|Any CPU
		{A5B791F8-F4EB-4937-87C2-BDB160213B13}.Release|x86.Build.0 = Release|Any CPU
		{AC3BA443-5D8D-44C6-A3A6-3E41A0C3DCB9}.Debug|Any CPU.ActiveCfg = Debug|Any CPU
		{AC3BA443-5D8D-44C6-A3A6-3E41A0C3DCB9}.Debug|Any CPU.Build.0 = Debug|Any CPU
		{AC3BA443-5D8D-44C6-A3A6-3E41A0C3DCB9}.Debug|x64.ActiveCfg = Debug|Any CPU
		{AC3BA443-5D8D-44C6-A3A6-3E41A0C3DCB9}.Debug|x64.Build.0 = Debug|Any CPU
		{AC3BA443-5D8D-44C6-A3A6-3E41A0C3DCB9}.Debug|x86.ActiveCfg = Debug|Any CPU
		{AC3BA443-5D8D-44C6-A3A6-3E41A0C3DCB9}.Debug|x86.Build.0 = Debug|Any CPU
		{AC3BA443-5D8D-44C6-A3A6-3E41A0C3DCB9}.Release|Any CPU.ActiveCfg = Release|Any CPU
		{AC3BA443-5D8D-44C6-A3A6-3E41A0C3DCB9}.Release|Any CPU.Build.0 = Release|Any CPU
		{AC3BA443-5D8D-44C6-A3A6-3E41A0C3DCB9}.Release|x64.ActiveCfg = Release|Any CPU
		{AC3BA443-5D8D-44C6-A3A6-3E41A0C3DCB9}.Release|x64.Build.0 = Release|Any CPU
		{AC3BA443-5D8D-44C6-A3A6-3E41A0C3DCB9}.Release|x86.ActiveCfg = Release|Any CPU
		{AC3BA443-5D8D-44C6-A3A6-3E41A0C3DCB9}.Release|x86.Build.0 = Release|Any CPU
		{7CE6D5AA-49ED-4E99-8C4B-1BDA6E5D3AF6}.Debug|Any CPU.ActiveCfg = Debug|Any CPU
		{7CE6D5AA-49ED-4E99-8C4B-1BDA6E5D3AF6}.Debug|Any CPU.Build.0 = Debug|Any CPU
		{7CE6D5AA-49ED-4E99-8C4B-1BDA6E5D3AF6}.Debug|x64.ActiveCfg = Debug|Any CPU
		{7CE6D5AA-49ED-4E99-8C4B-1BDA6E5D3AF6}.Debug|x64.Build.0 = Debug|Any CPU
		{7CE6D5AA-49ED-4E99-8C4B-1BDA6E5D3AF6}.Debug|x86.ActiveCfg = Debug|Any CPU
		{7CE6D5AA-49ED-4E99-8C4B-1BDA6E5D3AF6}.Debug|x86.Build.0 = Debug|Any CPU
		{7CE6D5AA-49ED-4E99-8C4B-1BDA6E5D3AF6}.Release|Any CPU.ActiveCfg = Release|Any CPU
		{7CE6D5AA-49ED-4E99-8C4B-1BDA6E5D3AF6}.Release|Any CPU.Build.0 = Release|Any CPU
		{7CE6D5AA-49ED-4E99-8C4B-1BDA6E5D3AF6}.Release|x64.ActiveCfg = Release|Any CPU
		{7CE6D5AA-49ED-4E99-8C4B-1BDA6E5D3AF6}.Release|x64.Build.0 = Release|Any CPU
		{7CE6D5AA-49ED-4E99-8C4B-1BDA6E5D3AF6}.Release|x86.ActiveCfg = Release|Any CPU
		{7CE6D5AA-49ED-4E99-8C4B-1BDA6E5D3AF6}.Release|x86.Build.0 = Release|Any CPU
		{786848AB-AFAF-40EB-8B9C-46C637E8D917}.Debug|Any CPU.ActiveCfg = Debug|Any CPU
		{786848AB-AFAF-40EB-8B9C-46C637E8D917}.Debug|Any CPU.Build.0 = Debug|Any CPU
		{786848AB-AFAF-40EB-8B9C-46C637E8D917}.Debug|x64.ActiveCfg = Debug|Any CPU
		{786848AB-AFAF-40EB-8B9C-46C637E8D917}.Debug|x64.Build.0 = Debug|Any CPU
		{786848AB-AFAF-40EB-8B9C-46C637E8D917}.Debug|x86.ActiveCfg = Debug|Any CPU
		{786848AB-AFAF-40EB-8B9C-46C637E8D917}.Debug|x86.Build.0 = Debug|Any CPU
		{786848AB-AFAF-40EB-8B9C-46C637E8D917}.Release|Any CPU.ActiveCfg = Release|Any CPU
		{786848AB-AFAF-40EB-8B9C-46C637E8D917}.Release|Any CPU.Build.0 = Release|Any CPU
		{786848AB-AFAF-40EB-8B9C-46C637E8D917}.Release|x64.ActiveCfg = Release|Any CPU
		{786848AB-AFAF-40EB-8B9C-46C637E8D917}.Release|x64.Build.0 = Release|Any CPU
		{786848AB-AFAF-40EB-8B9C-46C637E8D917}.Release|x86.ActiveCfg = Release|Any CPU
		{786848AB-AFAF-40EB-8B9C-46C637E8D917}.Release|x86.Build.0 = Release|Any CPU
		{66528A18-DB33-4F07-B0E8-7F3134948C79}.Debug|Any CPU.ActiveCfg = Debug|Any CPU
		{66528A18-DB33-4F07-B0E8-7F3134948C79}.Debug|Any CPU.Build.0 = Debug|Any CPU
		{66528A18-DB33-4F07-B0E8-7F3134948C79}.Debug|x64.ActiveCfg = Debug|Any CPU
		{66528A18-DB33-4F07-B0E8-7F3134948C79}.Debug|x64.Build.0 = Debug|Any CPU
		{66528A18-DB33-4F07-B0E8-7F3134948C79}.Debug|x86.ActiveCfg = Debug|Any CPU
		{66528A18-DB33-4F07-B0E8-7F3134948C79}.Debug|x86.Build.0 = Debug|Any CPU
		{66528A18-DB33-4F07-B0E8-7F3134948C79}.Release|Any CPU.ActiveCfg = Release|Any CPU
		{66528A18-DB33-4F07-B0E8-7F3134948C79}.Release|Any CPU.Build.0 = Release|Any CPU
		{66528A18-DB33-4F07-B0E8-7F3134948C79}.Release|x64.ActiveCfg = Release|Any CPU
		{66528A18-DB33-4F07-B0E8-7F3134948C79}.Release|x64.Build.0 = Release|Any CPU
		{66528A18-DB33-4F07-B0E8-7F3134948C79}.Release|x86.ActiveCfg = Release|Any CPU
		{66528A18-DB33-4F07-B0E8-7F3134948C79}.Release|x86.Build.0 = Release|Any CPU
		{4D71A78B-3976-4FB8-B83F-CF6593599C67}.Debug|Any CPU.ActiveCfg = Debug|Any CPU
		{4D71A78B-3976-4FB8-B83F-CF6593599C67}.Debug|Any CPU.Build.0 = Debug|Any CPU
		{4D71A78B-3976-4FB8-B83F-CF6593599C67}.Debug|x64.ActiveCfg = Debug|Any CPU
		{4D71A78B-3976-4FB8-B83F-CF6593599C67}.Debug|x64.Build.0 = Debug|Any CPU
		{4D71A78B-3976-4FB8-B83F-CF6593599C67}.Debug|x86.ActiveCfg = Debug|Any CPU
		{4D71A78B-3976-4FB8-B83F-CF6593599C67}.Debug|x86.Build.0 = Debug|Any CPU
		{4D71A78B-3976-4FB8-B83F-CF6593599C67}.Release|Any CPU.ActiveCfg = Release|Any CPU
		{4D71A78B-3976-4FB8-B83F-CF6593599C67}.Release|Any CPU.Build.0 = Release|Any CPU
		{4D71A78B-3976-4FB8-B83F-CF6593599C67}.Release|x64.ActiveCfg = Release|Any CPU
		{4D71A78B-3976-4FB8-B83F-CF6593599C67}.Release|x64.Build.0 = Release|Any CPU
		{4D71A78B-3976-4FB8-B83F-CF6593599C67}.Release|x86.ActiveCfg = Release|Any CPU
		{4D71A78B-3976-4FB8-B83F-CF6593599C67}.Release|x86.Build.0 = Release|Any CPU
		{47DF61D0-FA25-460E-A803-2683808E3833}.Debug|Any CPU.ActiveCfg = Debug|Any CPU
		{47DF61D0-FA25-460E-A803-2683808E3833}.Debug|Any CPU.Build.0 = Debug|Any CPU
		{47DF61D0-FA25-460E-A803-2683808E3833}.Debug|x64.ActiveCfg = Debug|Any CPU
		{47DF61D0-FA25-460E-A803-2683808E3833}.Debug|x64.Build.0 = Debug|Any CPU
		{47DF61D0-FA25-460E-A803-2683808E3833}.Debug|x86.ActiveCfg = Debug|Any CPU
		{47DF61D0-FA25-460E-A803-2683808E3833}.Debug|x86.Build.0 = Debug|Any CPU
		{47DF61D0-FA25-460E-A803-2683808E3833}.Release|Any CPU.ActiveCfg = Release|Any CPU
		{47DF61D0-FA25-460E-A803-2683808E3833}.Release|Any CPU.Build.0 = Release|Any CPU
		{47DF61D0-FA25-460E-A803-2683808E3833}.Release|x64.ActiveCfg = Release|Any CPU
		{47DF61D0-FA25-460E-A803-2683808E3833}.Release|x64.Build.0 = Release|Any CPU
		{47DF61D0-FA25-460E-A803-2683808E3833}.Release|x86.ActiveCfg = Release|Any CPU
		{47DF61D0-FA25-460E-A803-2683808E3833}.Release|x86.Build.0 = Release|Any CPU
	EndGlobalSection
	GlobalSection(SolutionProperties) = preSolution
		HideSolutionNode = FALSE
	EndGlobalSection
	GlobalSection(NestedProjects) = preSolution
		{A5B791F8-F4EB-4937-87C2-BDB160213B13} = {827E0CD3-B72D-47B6-A68D-7590B98EB39B}
		{AC3BA443-5D8D-44C6-A3A6-3E41A0C3DCB9} = {827E0CD3-B72D-47B6-A68D-7590B98EB39B}
		{7CE6D5AA-49ED-4E99-8C4B-1BDA6E5D3AF6} = {827E0CD3-B72D-47B6-A68D-7590B98EB39B}
		{786848AB-AFAF-40EB-8B9C-46C637E8D917} = {827E0CD3-B72D-47B6-A68D-7590B98EB39B}
		{66528A18-DB33-4F07-B0E8-7F3134948C79} = {0AB3BF05-4346-4AA6-1389-037BE0695223}
		{4D71A78B-3976-4FB8-B83F-CF6593599C67} = {0AB3BF05-4346-4AA6-1389-037BE0695223}
		{47DF61D0-FA25-460E-A803-2683808E3833} = {0AB3BF05-4346-4AA6-1389-037BE0695223}
	EndGlobalSection
EndGlobal
